
Microsoft Visual Studio Solution File, Format Version 12.00
# Visual Studio Version 17
VisualStudioVersion = 17.0.32112.339
MinimumVisualStudioVersion = 10.0.40219.1
Project("{9A19103F-16F7-4668-BE54-9A1E7A4F7556}") = "AppMetrics.Grpc.AspNetCore", "src\AppMetrics.Grpc.AspNetCore.csproj", "{C44E2FC7-8442-45E2-BF63-CF6EBE84F7AC}"
EndProject
Global
	GlobalSection(SolutionConfigurationPlatforms) = preSolution
		Debug|Any CPU = Debug|Any CPU
		Release|Any CPU = Release|Any CPU
	EndGlobalSection
	GlobalSection(ProjectConfigurationPlatforms) = postSolution
		{C44E2FC7-8442-45E2-BF63-CF6EBE84F7AC}.Debug|Any CPU.ActiveCfg = Debug|Any CPU
		{C44E2FC7-8442-45E2-BF63-CF6EBE84F7AC}.Debug|Any CPU.Build.0 = Debug|Any CPU
		{C44E2FC7-8442-45E2-BF63-CF6EBE84F7AC}.Release|Any CPU.ActiveCfg = Release|Any CPU
		{C44E2FC7-8442-45E2-BF63-CF6EBE84F7AC}.Release|Any CPU.Build.0 = Release|Any CPU
	EndGlobalSection
	GlobalSection(SolutionProperties) = preSolution
		HideSolutionNode = FALSE
	EndGlobalSection
	GlobalSection(ExtensibilityGlobals) = postSolution
		SolutionGuid = {0190AB47-6D26-4719-8BEA-663D049ED51E}
	EndGlobalSection
EndGlobal
